<Solution>
  <Folder Name="/BuildingBlocks/">
    <Project Path="BuildingBlocks/OpenApi/OpenApi.csproj" />
  </Folder>
  <Folder Name="/Services.Chat/">
    <Project Path="src/Services.Chat/HybridShop.Services.Chat.Api/HybridShop.Services.Chat.Api.csproj" />
    <Project Path="src/Services.Chat/HybridShop.Services.Chat.Application/HybridShop.Services.Chat.Application.csproj" />
    <Project Path="src/Services.Chat/HybridShop.Services.Chat.Core/HybridShop.Services.Chat.Core.csproj" />
    <Project Path="src/Services.Chat/HybridShop.Services.Chat.Infrastructure/HybridShop.Services.Chat.Infrastructure.csproj" />
  </Folder>
  <Folder Name="/src/" />
  
  <Folder Name="/src/ApiGateway/">
    <Project Path="src/ApiGateway/HybridShop.ApiGateway.csproj" />
  </Folder>

  <Folder Name="/src/Services.Auth/">
    <Project Path="src/Services.Auth/HybridShop.Services.Auth.Api/HybridShop.Services.Auth.Api.csproj" />
    <Project Path="src/Services.Auth/HybridShop.Services.Auth.Application/HybridShop.Services.Auth.Application.csproj" />
    <Project Path="src/Services.Auth/HybridShop.Services.Auth.Core/HybridShop.Services.Auth.Core.csproj" />
    <Project Path="src/Services.Auth/HybridShop.Services.Auth.Infrastructure/HybridShop.Services.Auth.Infrastructure.csproj" />
  </Folder>

  <Folder Name="/src/Services.Product/">
    <Project Path="src/Services.Product/HybridShop.Services.Product.Api/HybridShop.Services.Product.Api.csproj" />
    <Project Path="src/Services.Product/HybridShop.Services.Product.Application/HybridShop.Services.Product.Application.csproj" />
    <Project Path="src/Services.Product/HybridShop.Services.Product.Core/HybridShop.Services.Product.Core.csproj" />
    <Project Path="src/Services.Product/HybridShop.Services.Product.Infrastructure/HybridShop.Services.Product.Infrastructure.csproj" />
  </Folder>

  <Folder Name="/src/Services.Notification/">
    <Project Path="src/Services.Notification/HybridShop.Services.Notification.csproj" />
  </Folder>

  <Folder Name="/src/Services.Order/">
    <Project Path="src/Services.Order/HybridShop.Services.Order.Api/HybridShop.Services.Order.Api.csproj" />
    <Project Path="src/Services.Order/HybridShop.Services.Order.Application/HybridShop.Services.Order.Application.csproj" />
    <Project Path="src/Services.Order/HybridShop.Services.Order.Core/HybridShop.Services.Order.Core.csproj" />
    <Project Path="src/Services.Order/HybridShop.Services.Order.Infrastructure/HybridShop.Services.Order.Infrastructure.csproj" />
  </Folder>
  <Folder Name="/tests/">
    <Project Path="tests/HybridShop.Services.Auth.Tests/HybridShop.Services.Auth.Tests.csproj" />
  </Folder>
</Solution>